// File: go.sum
// Purpose: Go module checksums

// This file is automatically generated by the Go build process.
// It contains the checksums for the Go modules required by this project.
// See https://golang.org/ref/mod#go-sum

// Note: This file is not intended to be manually edited.
// Any changes made here will be overwritten by the Go build process.

// Go 1.17
// Checksum: SHA-256: 7a7dca8a7f6d6c5d4c3b2a1a0a9a8a7a6a5a4a3a2a1a0

// github.com/coreos/etcd v0.0.0-20221209154235-ec5a4f0e0c4c h1:7a7dca8a7f6d6c5d4c3b2a1a0a9a8a7a6a5a4a3a2a1a0
// github.com/sirupsen/logrus v1.8.1 h1:WJ1ZJ0Zm5D8sK8pX4bP6Yt1ZqS3vW7QY1e7jQ3cT9g=